
Microsoft Visual Studio Solution File, Format Version 12.00
# Visual Studio Version 16
VisualStudioVersion = 16.0.28803.202
MinimumVisualStudioVersion = 10.0.40219.1
Project("{FAE04EC0-301F-11D3-BF4B-00C04F79EFBC}") = "ado.net_hw_1", "ado.net_hw_1\ado.net_hw_1.csproj", "{E39F86EC-834E-4DB4-8552-014998391C00}"
EndProject
Global
	GlobalSection(SolutionConfigurationPlatforms) = preSolution
		Debug|Any CPU = Debug|Any CPU
		Release|Any CPU = Release|Any CPU
	EndGlobalSection
	GlobalSection(ProjectConfigurationPlatforms) = postSolution
		{E39F86EC-834E-4DB4-8552-014998391C00}.Debug|Any CPU.ActiveCfg = Debug|Any CPU
		{E39F86EC-834E-4DB4-8552-014998391C00}.Debug|Any CPU.Build.0 = Debug|Any CPU
		{E39F86EC-834E-4DB4-8552-014998391C00}.Release|Any CPU.ActiveCfg = Release|Any CPU
		{E39F86EC-834E-4DB4-8552-014998391C00}.Release|Any CPU.Build.0 = Release|Any CPU
	EndGlobalSection
	GlobalSection(SolutionProperties) = preSolution
		HideSolutionNode = FALSE
	EndGlobalSection
	GlobalSection(ExtensibilityGlobals) = postSolution
		SolutionGuid = {E11DD6A3-4D35-487B-8D5D-4361964BF11C}
	EndGlobalSection
EndGlobal
